
Microsoft Visual Studio Solution File, Format Version 12.00
# Visual Studio Version 16
VisualStudioVersion = 16.0.31624.102
MinimumVisualStudioVersion = 10.0.40219.1
Project("{FAE04EC0-301F-11D3-BF4B-00C04F79EFBC}") = "Chess mono", "Chess mono\Chess mono.csproj", "{2B4691A3-4C39-41D2-AE1E-111FB21E6541}"
EndProject
Global
	GlobalSection(SolutionConfigurationPlatforms) = preSolution
		Debug|x86 = Debug|x86
		Release|x86 = Release|x86
	EndGlobalSection
	GlobalSection(ProjectConfigurationPlatforms) = postSolution
		{2B4691A3-4C39-41D2-AE1E-111FB21E6541}.Debug|x86.ActiveCfg = Debug|x86
		{2B4691A3-4C39-41D2-AE1E-111FB21E6541}.Debug|x86.Build.0 = Debug|x86
		{2B4691A3-4C39-41D2-AE1E-111FB21E6541}.Release|x86.ActiveCfg = Release|x86
		{2B4691A3-4C39-41D2-AE1E-111FB21E6541}.Release|x86.Build.0 = Release|x86
	EndGlobalSection
	GlobalSection(SolutionProperties) = preSolution
		HideSolutionNode = FALSE
	EndGlobalSection
	GlobalSection(ExtensibilityGlobals) = postSolution
		SolutionGuid = {B7AFAF04-080A-48C1-A710-46804C3B34CC}
	EndGlobalSection
EndGlobal
